
Microsoft Visual Studio Solution File, Format Version 12.00
# Visual Studio 15
Project("{FAE04EC0-301F-11D3-BF4B-00C04F79EFBC}") = "OdeToFood", "OdeToFood\OdeToFood.csproj", "{0ECDA5A5-052D-4A5B-B182-A9878BD48FDC}"
EndProject
Project("{FAE04EC0-301F-11D3-BF4B-00C04F79EFBC}") = "OdeToFood.Core", "OdeToFood.Core\OdeToFood.Core.csproj", "{C306B40E-827F-4678-A68D-AD1B5CA00B81}"
EndProject
Project("{FAE04EC0-301F-11D3-BF4B-00C04F79EFBC}") = "OdeToFood.Data", "OdeToFood.Data\OdeToFood.Data.csproj", "{9AF1C520-25C7-4BB4-A9E9-52F91F4C472A}"
EndProject
Global
	GlobalSection(SolutionConfigurationPlatforms) = preSolution
		Debug|Any CPU = Debug|Any CPU
		Release|Any CPU = Release|Any CPU
	EndGlobalSection
	GlobalSection(ProjectConfigurationPlatforms) = postSolution
		{0ECDA5A5-052D-4A5B-B182-A9878BD48FDC}.Debug|Any CPU.ActiveCfg = Debug|Any CPU
		{0ECDA5A5-052D-4A5B-B182-A9878BD48FDC}.Debug|Any CPU.Build.0 = Debug|Any CPU
		{0ECDA5A5-052D-4A5B-B182-A9878BD48FDC}.Release|Any CPU.ActiveCfg = Release|Any CPU
		{0ECDA5A5-052D-4A5B-B182-A9878BD48FDC}.Release|Any CPU.Build.0 = Release|Any CPU
		{C306B40E-827F-4678-A68D-AD1B5CA00B81}.Debug|Any CPU.ActiveCfg = Debug|Any CPU
		{C306B40E-827F-4678-A68D-AD1B5CA00B81}.Debug|Any CPU.Build.0 = Debug|Any CPU
		{C306B40E-827F-4678-A68D-AD1B5CA00B81}.Release|Any CPU.ActiveCfg = Release|Any CPU
		{C306B40E-827F-4678-A68D-AD1B5CA00B81}.Release|Any CPU.Build.0 = Release|Any CPU
		{9AF1C520-25C7-4BB4-A9E9-52F91F4C472A}.Debug|Any CPU.ActiveCfg = Debug|Any CPU
		{9AF1C520-25C7-4BB4-A9E9-52F91F4C472A}.Debug|Any CPU.Build.0 = Debug|Any CPU
		{9AF1C520-25C7-4BB4-A9E9-52F91F4C472A}.Release|Any CPU.ActiveCfg = Release|Any CPU
		{9AF1C520-25C7-4BB4-A9E9-52F91F4C472A}.Release|Any CPU.Build.0 = Release|Any CPU
	EndGlobalSection
EndGlobal
